
Microsoft Visual Studio Solution File, Format Version 12.00
# Visual Studio Version 17
VisualStudioVersion = 17.9.34701.34
MinimumVisualStudioVersion = 10.0.40219.1
Project("{FAE04EC0-301F-11D3-BF4B-00C04F79EFBC}") = "SMS", "SMS\SMS.csproj", "{980EC63E-9A89-4669-B801-7799538DAC47}"
EndProject
Global
	GlobalSection(SolutionConfigurationPlatforms) = preSolution
		Debug|Any CPU = Debug|Any CPU
		Release|Any CPU = Release|Any CPU
	EndGlobalSection
	GlobalSection(ProjectConfigurationPlatforms) = postSolution
		{980EC63E-9A89-4669-B801-7799538DAC47}.Debug|Any CPU.ActiveCfg = Debug|Any CPU
		{980EC63E-9A89-4669-B801-7799538DAC47}.Debug|Any CPU.Build.0 = Debug|Any CPU
		{980EC63E-9A89-4669-B801-7799538DAC47}.Release|Any CPU.ActiveCfg = Release|Any CPU
		{980EC63E-9A89-4669-B801-7799538DAC47}.Release|Any CPU.Build.0 = Release|Any CPU
	EndGlobalSection
	GlobalSection(SolutionProperties) = preSolution
		HideSolutionNode = FALSE
	EndGlobalSection
	GlobalSection(ExtensibilityGlobals) = postSolution
		SolutionGuid = {B60547EF-70AC-45C0-8140-0A40A69A99EB}
	EndGlobalSection
EndGlobal
